
Microsoft Visual Studio Solution File, Format Version 12.00
# Visual Studio Version 17
VisualStudioVersion = 17.9.34616.47
MinimumVisualStudioVersion = 10.0.40219.1
Project("{FAE04EC0-301F-11D3-BF4B-00C04F79EFBC}") = "JWT_Token_Generator", "JWT_Token_Generator\JWT_Token_Generator.csproj", "{456037FC-9037-4983-B27F-DE682A071F85}"
EndProject
Global
	GlobalSection(SolutionConfigurationPlatforms) = preSolution
		Debug|Any CPU = Debug|Any CPU
		Release|Any CPU = Release|Any CPU
	EndGlobalSection
	GlobalSection(ProjectConfigurationPlatforms) = postSolution
		{456037FC-9037-4983-B27F-DE682A071F85}.Debug|Any CPU.ActiveCfg = Debug|Any CPU
		{456037FC-9037-4983-B27F-DE682A071F85}.Debug|Any CPU.Build.0 = Debug|Any CPU
		{456037FC-9037-4983-B27F-DE682A071F85}.Release|Any CPU.ActiveCfg = Release|Any CPU
		{456037FC-9037-4983-B27F-DE682A071F85}.Release|Any CPU.Build.0 = Release|Any CPU
	EndGlobalSection
	GlobalSection(SolutionProperties) = preSolution
		HideSolutionNode = FALSE
	EndGlobalSection
	GlobalSection(ExtensibilityGlobals) = postSolution
		SolutionGuid = {DE76F461-0D8C-482B-A04C-67E963E60935}
	EndGlobalSection
EndGlobal
